// !$*UTF8*$!
{
	archiveVersion = 1;
	classes = {
	};
	objectVersion = 46;
	objects = {

/* Begin PBXBuildFile section */
		97B63E4019D24CB700CDC8B7 /* AppDelegate.swift in Sources */ = {isa = PBXBuildFile; fileRef = 97B63E3F19D24CB700CDC8B7 /* AppDelegate.swift */; };
		97B63E4219D24CB700CDC8B7 /* ViewController.swift in Sources */ = {isa = PBXBuildFile; fileRef = 97B63E4119D24CB700CDC8B7 /* ViewController.swift */; };
		97B63E4519D24CB700CDC8B7 /* Main.storyboard in Resources */ = {isa = PBXBuildFile; fileRef = 97B63E4319D24CB700CDC8B7 /* Main.storyboard */; };
		97B63E4719D24CB700CDC8B7 /* Images.xcassets in Resources */ = {isa = PBXBuildFile; fileRef = 97B63E4619D24CB700CDC8B7 /* Images.xcassets */; };
		97B63E4A19D24CB700CDC8B7 /* LaunchScreen.xib in Resources */ = {isa = PBXBuildFile; fileRef = 97B63E4819D24CB700CDC8B7 /* LaunchScreen.xib */; };
		97B63E5619D24CB700CDC8B7 /* labeltestTests.swift in Sources */ = {isa = PBXBuildFile; fileRef = 97B63E5519D24CB700CDC8B7 /* labeltestTests.swift */; };
/* End PBXBuildFile section */

/* Begin PBXContainerItemProxy section */
		97B63E5019D24CB700CDC8B7 /* PBXContainerItemProxy */ = {
			isa = PBXContainerItemProxy;
			containerPortal = 97B63E3219D24CB700CDC8B7 /* Project object */;
			proxyType = 1;
			remoteGlobalIDString = 97B63E3919D24CB700CDC8B7;
			remoteInfo = labeltest;
		};
/* End PBXContainerItemProxy section */

/* Begin PBXFileReference section */
		97B63E3A19D24CB700CDC8B7 /* labeltest.app */ = {isa = PBXFileReference; explicitFileType = wrapper.application; includeInIndex = 0; path = labeltest.app; sourceTree = BUILT_PRODUCTS_DIR; };
		97B63E3E19D24CB700CDC8B7 /* Info.plist */ = {isa = PBXFileReference; lastKnownFileType = text.plist.xml; path = Info.plist; sourceTree = "<group>"; };
		97B63E3F19D24CB700CDC8B7 /* AppDelegate.swift */ = {isa = PBXFileReference; lastKnownFileType = sourcecode.swift; path = AppDelegate.swift; sourceTree = "<group>"; };
		97B63E4119D24CB700CDC8B7 /* ViewController.swift */ = {isa = PBXFileReference; lastKnownFileType = sourcecode.swift; path = ViewController.swift; sourceTree = "<group>"; };
		97B63E4419D24CB700CDC8B7 /* Base */ = {isa = PBXFileReference; lastKnownFileType = file.storyboard; name = Base; path = Base.lproj/Main.storyboard; sourceTree = "<group>"; };
		97B63E4619D24CB700CDC8B7 /* Images.xcassets */ = {isa = PBXFileReference; lastKnownFileType = folder.assetcatalog; path = Images.xcassets; sourceTree = "<group>"; };
		97B63E4919D24CB700CDC8B7 /* Base */ = {isa = PBXFileReference; lastKnownFileType = file.xib; name = Base; path = Base.lproj/LaunchScreen.xib; sourceTree = "<group>"; };
		97B63E4F19D24CB700CDC8B7 /* labeltestTests.xctest */ = {isa = PBXFileReference; explicitFileType = wrapper.cfbundle; includeInIndex = 0; path = labeltestTests.xctest; sourceTree = BUILT_PRODUCTS_DIR; };
		97B63E5419D24CB700CDC8B7 /* Info.plist */ = {isa = PBXFileReference; lastKnownFileType = text.plist.xml; path = Info.plist; sourceTree = "<group>"; };
		97B63E5519D24CB700CDC8B7 /* labeltestTests.swift */ = {isa = PBXFileReference; lastKnownFileType = sourcecode.swift; path = labeltestTests.swift; sourceTree = "<group>"; };
/* End PBXFileReference section */

/* Begin PBXFrameworksBuildPhase section */
		97B63E3719D24CB700CDC8B7 /* Frameworks */ = {
			isa = PBXFrameworksBuildPhase;
			buildActionMask = 2147483647;
			files = (
			);
			runOnlyForDeploymentPostprocessing = 0;
		};
		97B63E4C19D24CB700CDC8B7 /* Frameworks */ = {
			isa = PBXFrameworksBuildPhase;
			buildActionMask = 2147483647;
			files = (
			);
			runOnlyForDeploymentPostprocessing = 0;
		};
/* End PBXFrameworksBuildPhase section */

/* Begin PBXGroup section */
		97B63E3119D24CB700CDC8B7 = {
			isa = PBXGroup;
			children = (
				97B63E3C19D24CB700CDC8B7 /* labeltest */,
				97B63E5219D24CB700CDC8B7 /* labeltestTests */,
				97B63E3B19D24CB700CDC8B7 /* Products */,
			);
			sourceTree = "<group>";
		};
		97B63E3B19D24CB700CDC8B7 /* Products */ = {
			isa = PBXGroup;
			children = (
				97B63E3A19D24CB700CDC8B7 /* labeltest.app */,
				97B63E4F19D24CB700CDC8B7 /* labeltestTests.xctest */,
			);
			name = Products;
			sourceTree = "<group>";
		};
		97B63E3C19D24CB700CDC8B7 /* labeltest */ = {
			isa = PBXGroup;
			children = (
				97B63E4119D24CB700CDC8B7 /* ViewController.swift */,
				97B63E4319D24CB700CDC8B7 /* Main.storyboard */,
				97B63E3D19D24CB700CDC8B7 /* Supporting Files */,
			);
			path = labeltest;
			sourceTree = "<group>";
		};
		97B63E3D19D24CB700CDC8B7 /* Supporting Files */ = {
			isa = PBXGroup;
			children = (
				97B63E3F19D24CB700CDC8B7 /* AppDelegate.swift */,
				97B63E4619D24CB700CDC8B7 /* Images.xcassets */,
				97B63E4819D24CB700CDC8B7 /* LaunchScreen.xib */,
				97B63E3E19D24CB700CDC8B7 /* Info.plist */,
			);
			name = "Supporting Files";
			sourceTree = "<group>";
		};
		97B63E5219D24CB700CDC8B7 /* labeltestTests */ = {
			isa = PBXGroup;
			children = (
				97B63E5519D24CB700CDC8B7 /* labeltestTests.swift */,
				97B63E5319D24CB700CDC8B7 /* Supporting Files */,
			);
			path = labeltestTests;
			sourceTree = "<group>";
		};
		97B63E5319D24CB700CDC8B7 /* Supporting Files */ = {
			isa = PBXGroup;
			children = (
				97B63E5419D24CB700CDC8B7 /* Info.plist */,
			);
			name = "Supporting Files";
			sourceTree = "<group>";
		};
/* End PBXGroup section */

/* Begin PBXNativeTarget section */
		97B63E3919D24CB700CDC8B7 /* labeltest */ = {
			isa = PBXNativeTarget;
			buildConfigurationList = 97B63E5919D24CB700CDC8B7 /* Build configuration list for PBXNativeTarget "labeltest" */;
			buildPhases = (
				97B63E3619D24CB700CDC8B7 /* Sources */,
				97B63E3719D24CB700CDC8B7 /* Frameworks */,
				97B63E3819D24CB700CDC8B7 /* Resources */,
			);
			buildRules = (
			);
			dependencies = (
			);
			name = labeltest;
			productName = labeltest;
			productReference = 97B63E3A19D24CB700CDC8B7 /* labeltest.app */;
			productType = "com.apple.product-type.application";
		};
		97B63E4E19D24CB700CDC8B7 /* labeltestTests */ = {
			isa = PBXNativeTarget;
			buildConfigurationList = 97B63E5C19D24CB700CDC8B7 /* Build configuration list for PBXNativeTarget "labeltestTests" */;
			buildPhases = (
				97B63E4B19D24CB700CDC8B7 /* Sources */,
				97B63E4C19D24CB700CDC8B7 /* Frameworks */,
				97B63E4D19D24CB700CDC8B7 /* Resources */,
			);
			buildRules = (
			);
			dependencies = (
				97B63E5119D24CB700CDC8B7 /* PBXTargetDependency */,
			);
			name = labeltestTests;
			productName = labeltestTests;
			productReference = 97B63E4F19D24CB700CDC8B7 /* labeltestTests.xctest */;
			productType = "com.apple.product-type.bundle.unit-test";
		};
/* End PBXNativeTarget section */

/* Begin PBXProject section */
		97B63E3219D24CB700CDC8B7 /* Project object */ = {
			isa = PBXProject;
			attributes = {
				LastUpgradeCheck = 0600;
				ORGANIZATIONNAME = sora;
				TargetAttributes = {
					97B63E3919D24CB700CDC8B7 = {
						CreatedOnToolsVersion = 6.0;
					};
					97B63E4E19D24CB700CDC8B7 = {
						CreatedOnToolsVersion = 6.0;
						TestTargetID = 97B63E3919D24CB700CDC8B7;
					};
				};
			};
			buildConfigurationList = 97B63E3519D24CB700CDC8B7 /* Build configuration list for PBXProject "labeltest" */;
			compatibilityVersion = "Xcode 3.2";
			developmentRegion = English;
			hasScannedForEncodings = 0;
			knownRegions = (
				en,
				Base,
			);
			mainGroup = 97B63E3119D24CB700CDC8B7;
			productRefGroup = 97B63E3B19D24CB700CDC8B7 /* Products */;
			projectDirPath = "";
			projectRoot = "";
			targets = (
				97B63E3919D24CB700CDC8B7 /* labeltest */,
				97B63E4E19D24CB700CDC8B7 /* labeltestTests */,
			);
		};
/* End PBXProject section */

/* Begin PBXResourcesBuildPhase section */
		97B63E3819D24CB700CDC8B7 /* Resources */ = {
			isa = PBXResourcesBuildPhase;
			buildActionMask = 2147483647;
			files = (
				97B63E4519D24CB700CDC8B7 /* Main.storyboard in Resources */,
				97B63E4A19D24CB700CDC8B7 /* LaunchScreen.xib in Resources */,
				97B63E4719D24CB700CDC8B7 /* Images.xcassets in Resources */,
			);
			runOnlyForDeploymentPostprocessing = 0;
		};
		97B63E4D19D24CB700CDC8B7 /* Resources */ = {
			isa = PBXResourcesBuildPhase;
			buildActionMask = 2147483647;
			files = (
			);
			runOnlyForDeploymentPostprocessing = 0;
		};
/* End PBXResourcesBuildPhase section */

/* Begin PBXSourcesBuildPhase section */
		97B63E3619D24CB700CDC8B7 /* Sources */ = {
			isa = PBXSourcesBuildPhase;
			buildActionMask = 2147483647;
			files = (
				97B63E4219D24CB700CDC8B7 /* ViewController.swift in Sources */,
				97B63E4019D24CB700CDC8B7 /* AppDelegate.swift in Sources */,
			);
			runOnlyForDeploymentPostprocessing = 0;
		};
		97B63E4B19D24CB700CDC8B7 /* Sources */ = {
			isa = PBXSourcesBuildPhase;
			buildActionMask = 2147483647;
			files = (
				97B63E5619D24CB700CDC8B7 /* labeltestTests.swift in Sources */,
			);
			runOnlyForDeploymentPostprocessing = 0;
		};
/* End PBXSourcesBuildPhase section */

/* Begin PBXTargetDependency section */
		97B63E5119D24CB700CDC8B7 /* PBXTargetDependency */ = {
			isa = PBXTargetDependency;
			target = 97B63E3919D24CB700CDC8B7 /* labeltest */;
			targetProxy = 97B63E5019D24CB700CDC8B7 /* PBXContainerItemProxy */;
		};
/* End PBXTargetDependency section */

/* Begin PBXVariantGroup section */
		97B63E4319D24CB700CDC8B7 /* Main.storyboard */ = {
			isa = PBXVariantGroup;
			children = (
				97B63E4419D24CB700CDC8B7 /* Base */,
			);
			name = Main.storyboard;
			sourceTree = "<group>";
		};
		97B63E4819D24CB700CDC8B7 /* LaunchScreen.xib */ = {
			isa = PBXVariantGroup;
			children = (
				97B63E4919D24CB700CDC8B7 /* Base */,
			);
			name = LaunchScreen.xib;
			sourceTree = "<group>";
		};
/* End PBXVariantGroup section */

/* Begin XCBuildConfiguration section */
		97B63E5719D24CB700CDC8B7 /* Debug */ = {
			isa = XCBuildConfiguration;
			buildSettings = {
				ALWAYS_SEARCH_USER_PATHS = NO;
				CLANG_CXX_LANGUAGE_STANDARD = "gnu++0x";
				CLANG_CXX_LIBRARY = "libc++";
				CLANG_ENABLE_MODULES = YES;
				CLANG_ENABLE_OBJC_ARC = YES;
				CLANG_WARN_BOOL_CONVERSION = YES;
				CLANG_WARN_CONSTANT_CONVERSION = YES;
				CLANG_WARN_DIRECT_OBJC_ISA_USAGE = YES_ERROR;
				CLANG_WARN_EMPTY_BODY = YES;
				CLANG_WARN_ENUM_CONVERSION = YES;
				CLANG_WARN_INT_CONVERSION = YES;
				CLANG_WARN_OBJC_ROOT_CLASS = YES_ERROR;
				CLANG_WARN_UNREACHABLE_CODE = YES;
				CLANG_WARN__DUPLICATE_METHOD_MATCH = YES;
				"CODE_SIGN_IDENTITY[sdk=iphoneos*]" = "iPhone Developer";
				COPY_PHASE_STRIP = NO;
				ENABLE_STRICT_OBJC_MSGSEND = YES;
				GCC_C_LANGUAGE_STANDARD = gnu99;
				GCC_DYNAMIC_NO_PIC = NO;
				GCC_OPTIMIZATION_LEVEL = 0;
				GCC_PREPROCESSOR_DEFINITIONS = (
					"DEBUG=1",
					"$(inherited)",
				);
				GCC_SYMBOLS_PRIVATE_EXTERN = NO;
				GCC_WARN_64_TO_32_BIT_CONVERSION = YES;
				GCC_WARN_ABOUT_RETURN_TYPE = YES_ERROR;
				GCC_WARN_UNDECLARED_SELECTOR = YES;
				GCC_WARN_UNINITIALIZED_AUTOS = YES_AGGRESSIVE;
				GCC_WARN_UNUSED_FUNCTION = YES;
				GCC_WARN_UNUSED_VARIABLE = YES;
				IPHONEOS_DEPLOYMENT_TARGET = 8.0;
				MTL_ENABLE_DEBUG_INFO = YES;
				ONLY_ACTIVE_ARCH = YES;
				SDKROOT = iphoneos;
				SWIFT_OPTIMIZATION_LEVEL = "-Onone";
			};
			name = Debug;
		};
		97B63E5819D24CB700CDC8B7 /* Release */ = {
			isa = XCBuildConfiguration;
			buildSettings = {
				ALWAYS_SEARCH_USER_PATHS = NO;
				CLANG_CXX_LANGUAGE_STANDARD = "gnu++0x";
				CLANG_CXX_LIBRARY = "libc++";
				CLANG_ENABLE_MODULES = YES;
				CLANG_ENABLE_OBJC_ARC = YES;
				CLANG_WARN_BOOL_CONVERSION = YES;
				CLANG_WARN_CONSTANT_CONVERSION = YES;
				CLANG_WARN_DIRECT_OBJC_ISA_USAGE = YES_ERROR;
				CLANG_WARN_EMPTY_BODY = YES;
				CLANG_WARN_ENUM_CONVERSION = YES;
				CLANG_WARN_INT_CONVERSION = YES;
				CLANG_WARN_OBJC_ROOT_CLASS = YES_ERROR;
				CLANG_WARN_UNREACHABLE_CODE = YES;
				CLANG_WARN__DUPLICATE_METHOD_MATCH = YES;
				"CODE_SIGN_IDENTITY[sdk=iphoneos*]" = "iPhone Developer";
				COPY_PHASE_STRIP = YES;
				ENABLE_NS_ASSERTIONS = NO;
				ENABLE_STRICT_OBJC_MSGSEND = YES;
				GCC_C_LANGUAGE_STANDARD = gnu99;
				GCC_WARN_64_TO_32_BIT_CONVERSION = YES;
				GCC_WARN_ABOUT_RETURN_TYPE = YES_ERROR;
				GCC_WARN_UNDECLARED_SELECTOR = YES;
				GCC_WARN_UNINITIALIZED_AUTOS = YES_AGGRESSIVE;
				GCC_WARN_UNUSED_FUNCTION = YES;
				GCC_WARN_UNUSED_VARIABLE = YES;
				IPHONEOS_DEPLOYMENT_TARGET = 8.0;
				MTL_ENABLE_DEBUG_INFO = NO;
				SDKROOT = iphoneos;
				VALIDATE_PRODUCT = YES;
			};
			name = Release;
		};
		97B63E5A19D24CB700CDC8B7 /* Debug */ = {
			isa = XCBuildConfiguration;
			buildSettings = {
				ASSETCATALOG_COMPILER_APPICON_NAME = AppIcon;
				INFOPLIST_FILE = labeltest/Info.plist;
				LD_RUNPATH_SEARCH_PATHS = "$(inherited) @executable_path/Frameworks";
				PRODUCT_NAME = "$(TARGET_NAME)";
			};
			name = Debug;
		};
		97B63E5B19D24CB700CDC8B7 /* Release */ = {
			isa = XCBuildConfiguration;
			buildSettings = {
				ASSETCATALOG_COMPILER_APPICON_NAME = AppIcon;
				INFOPLIST_FILE = labeltest/Info.plist;
				LD_RUNPATH_SEARCH_PATHS = "$(inherited) @executable_path/Frameworks";
				PRODUCT_NAME = "$(TARGET_NAME)";
			};
			name = Release;
		};
		97B63E5D19D24CB700CDC8B7 /* Debug */ = {
			isa = XCBuildConfiguration;
			buildSettings = {
				BUNDLE_LOADER = "$(TEST_HOST)";
				FRAMEWORK_SEARCH_PATHS = (
					"$(SDKROOT)/Developer/Library/Frameworks",
					"$(inherited)",
				);
				GCC_PREPROCESSOR_DEFINITIONS = (
					"DEBUG=1",
					"$(inherited)",
				);
				INFOPLIST_FILE = labeltestTests/Info.plist;
				LD_RUNPATH_SEARCH_PATHS = "$(inherited) @executable_path/Frameworks @loader_path/Frameworks";
				PRODUCT_NAME = "$(TARGET_NAME)";
				TEST_HOST = "$(BUILT_PRODUCTS_DIR)/labeltest.app/labeltest";
			};
			name = Debug;
		};
		97B63E5E19D24CB700CDC8B7 /* Release */ = {
			isa = XCBuildConfiguration;
			buildSettings = {
				BUNDLE_LOADER = "$(TEST_HOST)";
				FRAMEWORK_SEARCH_PATHS = (
					"$(SDKROOT)/Developer/Library/Frameworks",
					"$(inherited)",
				);
				INFOPLIST_FILE = labeltestTests/Info.plist;
				LD_RUNPATH_SEARCH_PATHS = "$(inherited) @executable_path/Frameworks @loader_path/Frameworks";
				PRODUCT_NAME = "$(TARGET_NAME)";
				TEST_HOST = "$(BUILT_PRODUCTS_DIR)/labeltest.app/labeltest";
			};
			name = Release;
		};
/* End XCBuildConfiguration section */

/* Begin XCConfigurationList section */
		97B63E3519D24CB700CDC8B7 /* Build configuration list for PBXProject "labeltest" */ = {
			isa = XCConfigurationList;
			buildConfigurations = (
				97B63E5719D24CB700CDC8B7 /* Debug */,
				97B63E5819D24CB700CDC8B7 /* Release */,
			);
			defaultConfigurationIsVisible = 0;
			defaultConfigurationName = Release;
		};
		97B63E5919D24CB700CDC8B7 /* Build configuration list for PBXNativeTarget "labeltest" */ = {
			isa = XCConfigurationList;
			buildConfigurations = (
				97B63E5A19D24CB700CDC8B7 /* Debug */,
				97B63E5B19D24CB700CDC8B7 /* Release */,
			);
			defaultConfigurationIsVisible = 0;
		};
		97B63E5C19D24CB700CDC8B7 /* Build configuration list for PBXNativeTarget "labeltestTests" */ = {
			isa = XCConfigurationList;
			buildConfigurations = (
				97B63E5D19D24CB700CDC8B7 /* Debug */,
				97B63E5E19D24CB700CDC8B7 /* Release */,
			);
			defaultConfigurationIsVisible = 0;
		};
/* End XCConfigurationList section */
	};
	rootObject = 97B63E3219D24CB700CDC8B7 /* Project object */;
}
